
Microsoft Visual Studio Solution File, Format Version 12.00
# Visual Studio Version 17
VisualStudioVersion = 17.2.32526.322
MinimumVisualStudioVersion = 10.0.40219.1
Project("{FAE04EC0-301F-11D3-BF4B-00C04F79EFBC}") = "visual_git_example", "visual_git_example.csproj", "{DDA6FF6F-C074-4DE8-ADFC-86F893024C2E}"
EndProject
Global
	GlobalSection(SolutionConfigurationPlatforms) = preSolution
		Debug|Any CPU = Debug|Any CPU
		Release|Any CPU = Release|Any CPU
	EndGlobalSection
	GlobalSection(ProjectConfigurationPlatforms) = postSolution
		{DDA6FF6F-C074-4DE8-ADFC-86F893024C2E}.Debug|Any CPU.ActiveCfg = Debug|Any CPU
		{DDA6FF6F-C074-4DE8-ADFC-86F893024C2E}.Debug|Any CPU.Build.0 = Debug|Any CPU
		{DDA6FF6F-C074-4DE8-ADFC-86F893024C2E}.Release|Any CPU.ActiveCfg = Release|Any CPU
		{DDA6FF6F-C074-4DE8-ADFC-86F893024C2E}.Release|Any CPU.Build.0 = Release|Any CPU
	EndGlobalSection
	GlobalSection(SolutionProperties) = preSolution
		HideSolutionNode = FALSE
	EndGlobalSection
	GlobalSection(ExtensibilityGlobals) = postSolution
		SolutionGuid = {09A39269-72F0-4901-901D-1BD482B1C192}
	EndGlobalSection
EndGlobal
